
Microsoft Visual Studio Solution File, Format Version 12.00
# Visual Studio 15
VisualStudioVersion = 15.0.28307.852
MinimumVisualStudioVersion = 10.0.40219.1
Project("{8BC9CEB8-8B4A-11D0-8D11-00A0C91BC942}") = "B1", "B1\B1.vcxproj", "{6CF59774-39FA-410A-B0CB-A2E6AD3AA644}"
EndProject
Global
	GlobalSection(SolutionConfigurationPlatforms) = preSolution
		Debug|x64 = Debug|x64
		Debug|x86 = Debug|x86
		Release|x64 = Release|x64
		Release|x86 = Release|x86
	EndGlobalSection
	GlobalSection(ProjectConfigurationPlatforms) = postSolution
		{6CF59774-39FA-410A-B0CB-A2E6AD3AA644}.Debug|x64.ActiveCfg = Debug|x64
		{6CF59774-39FA-410A-B0CB-A2E6AD3AA644}.Debug|x64.Build.0 = Debug|x64
		{6CF59774-39FA-410A-B0CB-A2E6AD3AA644}.Debug|x86.ActiveCfg = Debug|Win32
		{6CF59774-39FA-410A-B0CB-A2E6AD3AA644}.Debug|x86.Build.0 = Debug|Win32
		{6CF59774-39FA-410A-B0CB-A2E6AD3AA644}.Release|x64.ActiveCfg = Release|x64
		{6CF59774-39FA-410A-B0CB-A2E6AD3AA644}.Release|x64.Build.0 = Release|x64
		{6CF59774-39FA-410A-B0CB-A2E6AD3AA644}.Release|x86.ActiveCfg = Release|Win32
		{6CF59774-39FA-410A-B0CB-A2E6AD3AA644}.Release|x86.Build.0 = Release|Win32
	EndGlobalSection
	GlobalSection(SolutionProperties) = preSolution
		HideSolutionNode = FALSE
	EndGlobalSection
	GlobalSection(ExtensibilityGlobals) = postSolution
		SolutionGuid = {A6FADFBC-4568-456D-A0E3-1D993B9B47DE}
	EndGlobalSection
EndGlobal
